// !$*UTF8*$!
{
	archiveVersion = 1;
	classes = {
	};
	objectVersion = 70;
	objects = {

/* Begin PBXBuildFile section */
		088C8AF9DA936C974623CCAD /* KakaoMapProps.swift in Sources */ = {isa = PBXBuildFile; fileRef = C27D99791D67E413FD5E1ECE /* KakaoMapProps.swift */; };
		0D473D8EE9CF777ABE46F755 /* TabInfo.swift in Sources */ = {isa = PBXBuildFile; fileRef = 14C89840313BDF5733225D75 /* TabInfo.swift */; };
		15B3500A17F6039C6E912550 /* KakaoMapsSDK.xcframework in Embed Frameworks */ = {isa = PBXBuildFile; fileRef = 9297C9DEDA0EAC2C3BBBCB17 /* KakaoMapsSDK.xcframework */; settings = {ATTRIBUTES = (CodeSignOnCopy, RemoveHeadersOnCopy, ); }; };
		190A782CF1398C0C55ECC319 /* KakaoMapsSDK-SPM_KakaoMapsSDK_SPM.bundle in Resources */ = {isa = PBXBuildFile; fileRef = B8540F7F768D3535B504DA47 /* KakaoMapsSDK-SPM_KakaoMapsSDK_SPM.bundle */; };
		191E3A6F2E78364E002EB5AA /* KakaoMapManager.swift in Sources */ = {isa = PBXBuildFile; fileRef = 191E3A6E2E78364E002EB5AA /* KakaoMapManager.swift */; };
		194E5191B3FD581C3948C1B8 /* Alamofire.framework in Embed Frameworks */ = {isa = PBXBuildFile; fileRef = B7BB80B373BC0B59CF4A6028 /* Alamofire.framework */; settings = {ATTRIBUTES = (CodeSignOnCopy, RemoveHeadersOnCopy, ); }; };
		1BE9C611B112FCF45D7FDA35 /* SwiftyJSON.framework in Embed Frameworks */ = {isa = PBXBuildFile; fileRef = 0C6230257877812A49B4E63E /* SwiftyJSON.framework */; settings = {ATTRIBUTES = (CodeSignOnCopy, RemoveHeadersOnCopy, ); }; };
		1E8C878C9409B2403240E43E /* BaseResponse.swift in Sources */ = {isa = PBXBuildFile; fileRef = 593E2F39643EBAA1685AF931 /* BaseResponse.swift */; };
		242002B3871EA4F684EC6E98 /* Alamofire.framework in Frameworks */ = {isa = PBXBuildFile; fileRef = B7BB80B373BC0B59CF4A6028 /* Alamofire.framework */; };
		260A6834297A6AA798C34BB0 /* ComposableArchitecture.framework in Embed Frameworks */ = {isa = PBXBuildFile; fileRef = 41B01E36C7E854A89832FD94 /* ComposableArchitecture.framework */; settings = {ATTRIBUTES = (CodeSignOnCopy, RemoveHeadersOnCopy, ); }; };
		2A062CD9BE9DEA893DE82925 /* SwiftyJSON.framework in Frameworks */ = {isa = PBXBuildFile; fileRef = 0C6230257877812A49B4E63E /* SwiftyJSON.framework */; };
		405F5D181F8CAC8D79E13A42 /* TuistBundle+TakeAWalk.swift in Sources */ = {isa = PBXBuildFile; fileRef = 471BEE428865CE507F61D478 /* TuistBundle+TakeAWalk.swift */; };
		41611B4D2C330F682D0E680C /* AppClient.swift in Sources */ = {isa = PBXBuildFile; fileRef = 58D1AFCCB7686633DA8D0D19 /* AppClient.swift */; };
		43B85E7FFC3B085A60884F3B /* AppDelegate.swift in Sources */ = {isa = PBXBuildFile; fileRef = 277231B54DBCC101874D6D69 /* AppDelegate.swift */; };
		4762BF0A4229C99D53B16504 /* TabItem.swift in Sources */ = {isa = PBXBuildFile; fileRef = 00EEFAE8FEF75B6E33A95AD8 /* TabItem.swift */; };
		4AA841816CD86A088F7D6F1B /* Kingfisher.framework in Frameworks */ = {isa = PBXBuildFile; fileRef = B9B7283782E1EB029E042FB8 /* Kingfisher.framework */; };
		4CE7FE472ADF44A0602195B4 /* TWError.swift in Sources */ = {isa = PBXBuildFile; fileRef = 51269A63CBBDE8A262227519 /* TWError.swift */; };
		5B48B98343A8B50FE88A459C /* CustomTabbar.swift in Sources */ = {isa = PBXBuildFile; fileRef = 61E7630D26DF36DFC1FF7FBE /* CustomTabbar.swift */; };
		647A2EB8328F1E2EC2F3C3F1 /* SceneDelegate.swift in Sources */ = {isa = PBXBuildFile; fileRef = 8E899A0FB98852F143358154 /* SceneDelegate.swift */; };
		6B65622DC7F7BC59B7749564 /* SplashInitRes.swift in Sources */ = {isa = PBXBuildFile; fileRef = DF71634EF3F468F012DE4CA1 /* SplashInitRes.swift */; };
		708AAB2C6A1725C194577449 /* MoyaLoggingPlugin.swift in Sources */ = {isa = PBXBuildFile; fileRef = A355D3F6D3D3C3FD9939CED4 /* MoyaLoggingPlugin.swift */; };
		748F39108DA19873730E90A0 /* NetworkManager.swift in Sources */ = {isa = PBXBuildFile; fileRef = 2496F02834BBD9BBB6F64394 /* NetworkManager.swift */; };
		7A11F123A155FFDA56C73CCC /* MainFeature.swift in Sources */ = {isa = PBXBuildFile; fileRef = 82385C6B5D0F269319AA64FA /* MainFeature.swift */; };
		7E51D18F5DFF6A39D875A093 /* CourseAPI.swift in Sources */ = {isa = PBXBuildFile; fileRef = DFA077AE7E5F7624CF9019C4 /* CourseAPI.swift */; };
		8203800A2618D7080C29BD02 /* BaseAPI.swift in Sources */ = {isa = PBXBuildFile; fileRef = 80CF513B113F8AAFF7736046 /* BaseAPI.swift */; };
		83E594DC74DC11F48667D7E5 /* Server.swift in Sources */ = {isa = PBXBuildFile; fileRef = 679E84703B889BF63B6C2E6A /* Server.swift */; };
		85AD82B25780018860D527A0 /* CustomTabItem.swift in Sources */ = {isa = PBXBuildFile; fileRef = C703D0FDA05DD869D21FE431 /* CustomTabItem.swift */; };
		88C7CCC6BCC7D466FD278B4F /* libKakaoMapsSDK_SPM.a in Frameworks */ = {isa = PBXBuildFile; fileRef = 95AE8DB4357CBABA540E5874 /* libKakaoMapsSDK_SPM.a */; };
		8A04EFBA03D33833D7D8D8FA /* Assets.xcassets in Resources */ = {isa = PBXBuildFile; fileRef = F10FE74B0A1CA2643821C5FA /* Assets.xcassets */; };
		9281E7FA6275A1DA1C665396 /* TuistAssets+TakeAWalk.swift in Sources */ = {isa = PBXBuildFile; fileRef = 0D158F5B5ACD4ED5319ECB90 /* TuistAssets+TakeAWalk.swift */; };
		98D2566048EC3AFC52D2720C /* RootView.swift in Sources */ = {isa = PBXBuildFile; fileRef = 77E40628521385B60CBE124C /* RootView.swift */; };
		9A1C40A8360BC06EBD95498B /* SnapKit.framework in Embed Frameworks */ = {isa = PBXBuildFile; fileRef = 213839E13C847CEE682CD2B7 /* SnapKit.framework */; settings = {ATTRIBUTES = (CodeSignOnCopy, RemoveHeadersOnCopy, ); }; };
		A73C9250C32A6FB81A833A30 /* BaseProvider.swift in Sources */ = {isa = PBXBuildFile; fileRef = F1D3D9AC40C22685984415F6 /* BaseProvider.swift */; };
		A7DF8E424C198CA095DBC422 /* CustomPoiType.swift in Sources */ = {isa = PBXBuildFile; fileRef = 7019DE4BFCD438AEEF1B5D76 /* CustomPoiType.swift */; };
		A911B897C728E729CF49D02C /* CourseRecomRes.swift in Sources */ = {isa = PBXBuildFile; fileRef = 15A29D64A94FCA4A5100CF47 /* CourseRecomRes.swift */; };
		AB76D7ADECC1EB1137D29798 /* KakaoMapView.swift in Sources */ = {isa = PBXBuildFile; fileRef = 55017CA8A9D56B50DCFCF6EC /* KakaoMapView.swift */; };
		ADEBF064B165DD6E77C081D7 /* Lottie.framework in Embed Frameworks */ = {isa = PBXBuildFile; fileRef = 0BC3DB9B1A0FDEE1B9B90A82 /* Lottie.framework */; settings = {ATTRIBUTES = (CodeSignOnCopy, RemoveHeadersOnCopy, ); }; };
		AF0A2F1846DC88DCD8B68BDA /* MainView.swift in Sources */ = {isa = PBXBuildFile; fileRef = 285A6D1CB1A3BF956E7FDA53 /* MainView.swift */; };
		B056BD1A068690EA28FBE4EE /* TakeAWalkApp.swift in Sources */ = {isa = PBXBuildFile; fileRef = E6DF50B923D3CA4E3A3EBB19 /* TakeAWalkApp.swift */; };
		B1CF7AAEAA05D8810AEF2DF6 /* SnapKit.framework in Frameworks */ = {isa = PBXBuildFile; fileRef = 213839E13C847CEE682CD2B7 /* SnapKit.framework */; };
		B3A296AABD545757D2A98809 /* CustomTabView.swift in Sources */ = {isa = PBXBuildFile; fileRef = 651AA5203E1031E0B958CA58 /* CustomTabView.swift */; };
		BD40E49CF360E35035BD127F /* swift-sharing_Sharing.bundle in Resources */ = {isa = PBXBuildFile; fileRef = F223B4DB3E163352C931A367 /* swift-sharing_Sharing.bundle */; };
		BD6F94354F7080612AFD1BEF /* SplashAPI.swift in Sources */ = {isa = PBXBuildFile; fileRef = 7A3C47FD5BA2F9171848735B /* SplashAPI.swift */; };
		BF7817303042219576A5552D /* ComposableArchitecture.framework in Frameworks */ = {isa = PBXBuildFile; fileRef = 41B01E36C7E854A89832FD94 /* ComposableArchitecture.framework */; };
		C1075A992A6BEF225A566AAA /* swift-sharing_Sharing.bundle in Dependencies */ = {isa = PBXBuildFile; fileRef = F223B4DB3E163352C931A367 /* swift-sharing_Sharing.bundle */; };
		C124EC9F1FFC8451D03E7043 /* Moya.framework in Embed Frameworks */ = {isa = PBXBuildFile; fileRef = 5B90BE220E51B6CE362CEF8F /* Moya.framework */; settings = {ATTRIBUTES = (CodeSignOnCopy, RemoveHeadersOnCopy, ); }; };
		C2EFBD2E59B61113D328593C /* SplashFeature.swift in Sources */ = {isa = PBXBuildFile; fileRef = 3EADA1AE793830B9FD5AAC7E /* SplashFeature.swift */; };
		C4C78D519F5082EB41DD85AC /* Lottie.framework in Frameworks */ = {isa = PBXBuildFile; fileRef = 0BC3DB9B1A0FDEE1B9B90A82 /* Lottie.framework */; };
		C74F3DFB1C9FD51D5C851446 /* Route.swift in Sources */ = {isa = PBXBuildFile; fileRef = 8FD37A09ABE0DD563623E3E8 /* Route.swift */; };
		D3CD9391CBE5D2D7CED229D1 /* KakaoMapsSDK-SPM_KakaoMapsSDK_SPM.bundle in Dependencies */ = {isa = PBXBuildFile; fileRef = B8540F7F768D3535B504DA47 /* KakaoMapsSDK-SPM_KakaoMapsSDK_SPM.bundle */; };
		D5A0DEB07EA11B5179197FD9 /* LocationManager.swift in Sources */ = {isa = PBXBuildFile; fileRef = 261C0F23761C89B491462CDA /* LocationManager.swift */; };
		D9D9F55D72CC83D313BC7960 /* CombineMoya.framework in Embed Frameworks */ = {isa = PBXBuildFile; fileRef = 58279D3718FDC3C6A035290B /* CombineMoya.framework */; settings = {ATTRIBUTES = (CodeSignOnCopy, RemoveHeadersOnCopy, ); }; };
		E5E352946271EFD0381B0306 /* CombineMoya.framework in Frameworks */ = {isa = PBXBuildFile; fileRef = 58279D3718FDC3C6A035290B /* CombineMoya.framework */; };
		E70E99152AFDA69CE2EA06B0 /* SplashView.swift in Sources */ = {isa = PBXBuildFile; fileRef = F037FD8C54C434893FA7D708 /* SplashView.swift */; };
		F4071D45719C12169DD355E1 /* RootFeature.swift in Sources */ = {isa = PBXBuildFile; fileRef = 6E217BAAE34C540117232C17 /* RootFeature.swift */; };
		F4C5D07A8A7C3B81304F9892 /* Kingfisher.framework in Embed Frameworks */ = {isa = PBXBuildFile; fileRef = B9B7283782E1EB029E042FB8 /* Kingfisher.framework */; settings = {ATTRIBUTES = (CodeSignOnCopy, RemoveHeadersOnCopy, ); }; };
		F4FD855E639D0412930F6454 /* KakaoMapsSDK.xcframework in Frameworks */ = {isa = PBXBuildFile; fileRef = 9297C9DEDA0EAC2C3BBBCB17 /* KakaoMapsSDK.xcframework */; };
		F98915B790B7BF5EC6691D2F /* Moya.framework in Frameworks */ = {isa = PBXBuildFile; fileRef = 5B90BE220E51B6CE362CEF8F /* Moya.framework */; };
/* End PBXBuildFile section */

/* Begin PBXCopyFilesBuildPhase section */
		9696046B6DD62318E1B50C48 /* Embed Frameworks */ = {
			isa = PBXCopyFilesBuildPhase;
			buildActionMask = 2147483647;
			dstPath = "";
			dstSubfolderSpec = 10;
			files = (
				194E5191B3FD581C3948C1B8 /* Alamofire.framework in Embed Frameworks */,
				D9D9F55D72CC83D313BC7960 /* CombineMoya.framework in Embed Frameworks */,
				260A6834297A6AA798C34BB0 /* ComposableArchitecture.framework in Embed Frameworks */,
				F4C5D07A8A7C3B81304F9892 /* Kingfisher.framework in Embed Frameworks */,
				ADEBF064B165DD6E77C081D7 /* Lottie.framework in Embed Frameworks */,
				C124EC9F1FFC8451D03E7043 /* Moya.framework in Embed Frameworks */,
				9A1C40A8360BC06EBD95498B /* SnapKit.framework in Embed Frameworks */,
				1BE9C611B112FCF45D7FDA35 /* SwiftyJSON.framework in Embed Frameworks */,
				15B3500A17F6039C6E912550 /* KakaoMapsSDK.xcframework in Embed Frameworks */,
			);
			name = "Embed Frameworks";
			runOnlyForDeploymentPostprocessing = 0;
		};
		C5B4F66704C209DBAE30282C /* Dependencies */ = {
			isa = PBXCopyFilesBuildPhase;
			buildActionMask = 8;
			dstSubfolderSpec = 16;
			files = (
				D3CD9391CBE5D2D7CED229D1 /* KakaoMapsSDK-SPM_KakaoMapsSDK_SPM.bundle in Dependencies */,
				C1075A992A6BEF225A566AAA /* swift-sharing_Sharing.bundle in Dependencies */,
			);
			name = Dependencies;
			runOnlyForDeploymentPostprocessing = 1;
		};
/* End PBXCopyFilesBuildPhase section */

/* Begin PBXFileReference section */
		00EEFAE8FEF75B6E33A95AD8 /* TabItem.swift */ = {isa = PBXFileReference; lastKnownFileType = sourcecode.swift; path = TabItem.swift; sourceTree = "<group>"; };
		0BC3DB9B1A0FDEE1B9B90A82 /* Lottie.framework */ = {isa = PBXFileReference; explicitFileType = wrapper.framework; includeInIndex = 0; path = Lottie.framework; sourceTree = BUILT_PRODUCTS_DIR; };
		0C6230257877812A49B4E63E /* SwiftyJSON.framework */ = {isa = PBXFileReference; explicitFileType = wrapper.framework; includeInIndex = 0; path = SwiftyJSON.framework; sourceTree = BUILT_PRODUCTS_DIR; };
		0D158F5B5ACD4ED5319ECB90 /* TuistAssets+TakeAWalk.swift */ = {isa = PBXFileReference; lastKnownFileType = sourcecode.swift; path = "TuistAssets+TakeAWalk.swift"; sourceTree = "<group>"; };
		14C89840313BDF5733225D75 /* TabInfo.swift */ = {isa = PBXFileReference; lastKnownFileType = sourcecode.swift; path = TabInfo.swift; sourceTree = "<group>"; };
		15A29D64A94FCA4A5100CF47 /* CourseRecomRes.swift */ = {isa = PBXFileReference; lastKnownFileType = sourcecode.swift; path = CourseRecomRes.swift; sourceTree = "<group>"; };
		191E3A6E2E78364E002EB5AA /* KakaoMapManager.swift */ = {isa = PBXFileReference; lastKnownFileType = sourcecode.swift; path = KakaoMapManager.swift; sourceTree = "<group>"; };
		213839E13C847CEE682CD2B7 /* SnapKit.framework */ = {isa = PBXFileReference; explicitFileType = wrapper.framework; includeInIndex = 0; path = SnapKit.framework; sourceTree = BUILT_PRODUCTS_DIR; };
		2496F02834BBD9BBB6F64394 /* NetworkManager.swift */ = {isa = PBXFileReference; lastKnownFileType = sourcecode.swift; path = NetworkManager.swift; sourceTree = "<group>"; };
		261C0F23761C89B491462CDA /* LocationManager.swift */ = {isa = PBXFileReference; lastKnownFileType = sourcecode.swift; path = LocationManager.swift; sourceTree = "<group>"; };
		277231B54DBCC101874D6D69 /* AppDelegate.swift */ = {isa = PBXFileReference; lastKnownFileType = sourcecode.swift; path = AppDelegate.swift; sourceTree = "<group>"; };
		285A6D1CB1A3BF956E7FDA53 /* MainView.swift */ = {isa = PBXFileReference; lastKnownFileType = sourcecode.swift; path = MainView.swift; sourceTree = "<group>"; };
		3EADA1AE793830B9FD5AAC7E /* SplashFeature.swift */ = {isa = PBXFileReference; lastKnownFileType = sourcecode.swift; path = SplashFeature.swift; sourceTree = "<group>"; };
		41B01E36C7E854A89832FD94 /* ComposableArchitecture.framework */ = {isa = PBXFileReference; explicitFileType = wrapper.framework; includeInIndex = 0; path = ComposableArchitecture.framework; sourceTree = BUILT_PRODUCTS_DIR; };
		471BEE428865CE507F61D478 /* TuistBundle+TakeAWalk.swift */ = {isa = PBXFileReference; lastKnownFileType = sourcecode.swift; path = "TuistBundle+TakeAWalk.swift"; sourceTree = "<group>"; };
		51269A63CBBDE8A262227519 /* TWError.swift */ = {isa = PBXFileReference; lastKnownFileType = sourcecode.swift; path = TWError.swift; sourceTree = "<group>"; };
		55017CA8A9D56B50DCFCF6EC /* KakaoMapView.swift */ = {isa = PBXFileReference; lastKnownFileType = sourcecode.swift; path = KakaoMapView.swift; sourceTree = "<group>"; };
		58279D3718FDC3C6A035290B /* CombineMoya.framework */ = {isa = PBXFileReference; explicitFileType = wrapper.framework; includeInIndex = 0; path = CombineMoya.framework; sourceTree = BUILT_PRODUCTS_DIR; };
		58D1AFCCB7686633DA8D0D19 /* AppClient.swift */ = {isa = PBXFileReference; lastKnownFileType = sourcecode.swift; path = AppClient.swift; sourceTree = "<group>"; };
		590A688C1D0327245B0CB300 /* TakeAWalk.app */ = {isa = PBXFileReference; explicitFileType = wrapper.application; includeInIndex = 0; path = TakeAWalk.app; sourceTree = BUILT_PRODUCTS_DIR; };
		593E2F39643EBAA1685AF931 /* BaseResponse.swift */ = {isa = PBXFileReference; lastKnownFileType = sourcecode.swift; path = BaseResponse.swift; sourceTree = "<group>"; };
		5B90BE220E51B6CE362CEF8F /* Moya.framework */ = {isa = PBXFileReference; explicitFileType = wrapper.framework; includeInIndex = 0; path = Moya.framework; sourceTree = BUILT_PRODUCTS_DIR; };
		61E7630D26DF36DFC1FF7FBE /* CustomTabbar.swift */ = {isa = PBXFileReference; lastKnownFileType = sourcecode.swift; path = CustomTabbar.swift; sourceTree = "<group>"; };
		651AA5203E1031E0B958CA58 /* CustomTabView.swift */ = {isa = PBXFileReference; lastKnownFileType = sourcecode.swift; path = CustomTabView.swift; sourceTree = "<group>"; };
		663A8A49DA1CE13FE2431C21 /* TakeAWalk-Info.plist */ = {isa = PBXFileReference; lastKnownFileType = text.plist; path = "TakeAWalk-Info.plist"; sourceTree = "<group>"; };
		679E84703B889BF63B6C2E6A /* Server.swift */ = {isa = PBXFileReference; lastKnownFileType = sourcecode.swift; path = Server.swift; sourceTree = "<group>"; };
		6E217BAAE34C540117232C17 /* RootFeature.swift */ = {isa = PBXFileReference; lastKnownFileType = sourcecode.swift; path = RootFeature.swift; sourceTree = "<group>"; };
		7019DE4BFCD438AEEF1B5D76 /* CustomPoiType.swift */ = {isa = PBXFileReference; lastKnownFileType = sourcecode.swift; path = CustomPoiType.swift; sourceTree = "<group>"; };
		77E40628521385B60CBE124C /* RootView.swift */ = {isa = PBXFileReference; lastKnownFileType = sourcecode.swift; path = RootView.swift; sourceTree = "<group>"; };
		7A3C47FD5BA2F9171848735B /* SplashAPI.swift */ = {isa = PBXFileReference; lastKnownFileType = sourcecode.swift; path = SplashAPI.swift; sourceTree = "<group>"; };
		80CF513B113F8AAFF7736046 /* BaseAPI.swift */ = {isa = PBXFileReference; lastKnownFileType = sourcecode.swift; path = BaseAPI.swift; sourceTree = "<group>"; };
		82385C6B5D0F269319AA64FA /* MainFeature.swift */ = {isa = PBXFileReference; lastKnownFileType = sourcecode.swift; path = MainFeature.swift; sourceTree = "<group>"; };
		8E899A0FB98852F143358154 /* SceneDelegate.swift */ = {isa = PBXFileReference; lastKnownFileType = sourcecode.swift; path = SceneDelegate.swift; sourceTree = "<group>"; };
		8FD37A09ABE0DD563623E3E8 /* Route.swift */ = {isa = PBXFileReference; lastKnownFileType = sourcecode.swift; path = Route.swift; sourceTree = "<group>"; };
		9297C9DEDA0EAC2C3BBBCB17 /* KakaoMapsSDK.xcframework */ = {isa = PBXFileReference; lastKnownFileType = wrapper.xcframework; path = KakaoMapsSDK.xcframework; sourceTree = "<group>"; };
		95AE8DB4357CBABA540E5874 /* libKakaoMapsSDK_SPM.a */ = {isa = PBXFileReference; explicitFileType = archive.ar; includeInIndex = 0; path = libKakaoMapsSDK_SPM.a; sourceTree = BUILT_PRODUCTS_DIR; };
		A355D3F6D3D3C3FD9939CED4 /* MoyaLoggingPlugin.swift */ = {isa = PBXFileReference; lastKnownFileType = sourcecode.swift; path = MoyaLoggingPlugin.swift; sourceTree = "<group>"; };
		B7BB80B373BC0B59CF4A6028 /* Alamofire.framework */ = {isa = PBXFileReference; explicitFileType = wrapper.framework; includeInIndex = 0; path = Alamofire.framework; sourceTree = BUILT_PRODUCTS_DIR; };
		B8540F7F768D3535B504DA47 /* KakaoMapsSDK-SPM_KakaoMapsSDK_SPM.bundle */ = {isa = PBXFileReference; explicitFileType = wrapper.cfbundle; includeInIndex = 0; path = "KakaoMapsSDK-SPM_KakaoMapsSDK_SPM.bundle"; sourceTree = BUILT_PRODUCTS_DIR; };
		B9B7283782E1EB029E042FB8 /* Kingfisher.framework */ = {isa = PBXFileReference; explicitFileType = wrapper.framework; includeInIndex = 0; path = Kingfisher.framework; sourceTree = BUILT_PRODUCTS_DIR; };
		C27D99791D67E413FD5E1ECE /* KakaoMapProps.swift */ = {isa = PBXFileReference; lastKnownFileType = sourcecode.swift; path = KakaoMapProps.swift; sourceTree = "<group>"; };
		C703D0FDA05DD869D21FE431 /* CustomTabItem.swift */ = {isa = PBXFileReference; lastKnownFileType = sourcecode.swift; path = CustomTabItem.swift; sourceTree = "<group>"; };
		DF71634EF3F468F012DE4CA1 /* SplashInitRes.swift */ = {isa = PBXFileReference; lastKnownFileType = sourcecode.swift; path = SplashInitRes.swift; sourceTree = "<group>"; };
		DFA077AE7E5F7624CF9019C4 /* CourseAPI.swift */ = {isa = PBXFileReference; lastKnownFileType = sourcecode.swift; path = CourseAPI.swift; sourceTree = "<group>"; };
		E6DF50B923D3CA4E3A3EBB19 /* TakeAWalkApp.swift */ = {isa = PBXFileReference; lastKnownFileType = sourcecode.swift; path = TakeAWalkApp.swift; sourceTree = "<group>"; };
		F037FD8C54C434893FA7D708 /* SplashView.swift */ = {isa = PBXFileReference; lastKnownFileType = sourcecode.swift; path = SplashView.swift; sourceTree = "<group>"; };
		F10FE74B0A1CA2643821C5FA /* Assets.xcassets */ = {isa = PBXFileReference; lastKnownFileType = folder.assetcatalog; path = Assets.xcassets; sourceTree = "<group>"; };
		F1D3D9AC40C22685984415F6 /* BaseProvider.swift */ = {isa = PBXFileReference; lastKnownFileType = sourcecode.swift; path = BaseProvider.swift; sourceTree = "<group>"; };
		F223B4DB3E163352C931A367 /* swift-sharing_Sharing.bundle */ = {isa = PBXFileReference; explicitFileType = wrapper.cfbundle; includeInIndex = 0; path = "swift-sharing_Sharing.bundle"; sourceTree = BUILT_PRODUCTS_DIR; };
/* End PBXFileReference section */

/* Begin PBXFileSystemSynchronizedRootGroup section */
		191E3A702E7AB81F002EB5AA /* Repository */ = {isa = PBXFileSystemSynchronizedRootGroup; explicitFileTypes = {}; explicitFolders = (); path = Repository; sourceTree = "<group>"; };
/* End PBXFileSystemSynchronizedRootGroup section */

/* Begin PBXFrameworksBuildPhase section */
		1A3C40679118959E5ED50EB9 /* Frameworks */ = {
			isa = PBXFrameworksBuildPhase;
			buildActionMask = 2147483647;
			files = (
				242002B3871EA4F684EC6E98 /* Alamofire.framework in Frameworks */,
				E5E352946271EFD0381B0306 /* CombineMoya.framework in Frameworks */,
				BF7817303042219576A5552D /* ComposableArchitecture.framework in Frameworks */,
				88C7CCC6BCC7D466FD278B4F /* libKakaoMapsSDK_SPM.a in Frameworks */,
				4AA841816CD86A088F7D6F1B /* Kingfisher.framework in Frameworks */,
				C4C78D519F5082EB41DD85AC /* Lottie.framework in Frameworks */,
				F98915B790B7BF5EC6691D2F /* Moya.framework in Frameworks */,
				B1CF7AAEAA05D8810AEF2DF6 /* SnapKit.framework in Frameworks */,
				2A062CD9BE9DEA893DE82925 /* SwiftyJSON.framework in Frameworks */,
				F4FD855E639D0412930F6454 /* KakaoMapsSDK.xcframework in Frameworks */,
			);
			runOnlyForDeploymentPostprocessing = 0;
		};
/* End PBXFrameworksBuildPhase section */

/* Begin PBXGroup section */
		05FC6DE61285746CB7B664FD /* Products */ = {
			isa = PBXGroup;
			children = (
				B7BB80B373BC0B59CF4A6028 /* Alamofire.framework */,
				58279D3718FDC3C6A035290B /* CombineMoya.framework */,
				41B01E36C7E854A89832FD94 /* ComposableArchitecture.framework */,
				B8540F7F768D3535B504DA47 /* KakaoMapsSDK-SPM_KakaoMapsSDK_SPM.bundle */,
				B9B7283782E1EB029E042FB8 /* Kingfisher.framework */,
				95AE8DB4357CBABA540E5874 /* libKakaoMapsSDK_SPM.a */,
				0BC3DB9B1A0FDEE1B9B90A82 /* Lottie.framework */,
				5B90BE220E51B6CE362CEF8F /* Moya.framework */,
				213839E13C847CEE682CD2B7 /* SnapKit.framework */,
				F223B4DB3E163352C931A367 /* swift-sharing_Sharing.bundle */,
				0C6230257877812A49B4E63E /* SwiftyJSON.framework */,
				590A688C1D0327245B0CB300 /* TakeAWalk.app */,
			);
			name = Products;
			sourceTree = "<group>";
		};
		1B8369E90230BF1779DAE3A1 /* Map */ = {
			isa = PBXGroup;
			children = (
				7019DE4BFCD438AEEF1B5D76 /* CustomPoiType.swift */,
				C27D99791D67E413FD5E1ECE /* KakaoMapProps.swift */,
				55017CA8A9D56B50DCFCF6EC /* KakaoMapView.swift */,
				191E3A6E2E78364E002EB5AA /* KakaoMapManager.swift */,
			);
			path = Map;
			sourceTree = "<group>";
		};
		1D427CA12E63543618B8521A /* Root */ = {
			isa = PBXGroup;
			children = (
				6E217BAAE34C540117232C17 /* RootFeature.swift */,
				77E40628521385B60CBE124C /* RootView.swift */,
			);
			path = Root;
			sourceTree = "<group>";
		};
		2BB61BD1C4B38F3CCE90E9D2 /* BinaryFramework */ = {
			isa = PBXGroup;
			children = (
				9297C9DEDA0EAC2C3BBBCB17 /* KakaoMapsSDK.xcframework */,
			);
			path = BinaryFramework;
			sourceTree = "<group>";
		};
		3651D29C9F76CDF9CE392BC1 /* Client */ = {
			isa = PBXGroup;
			children = (
				58D1AFCCB7686633DA8D0D19 /* AppClient.swift */,
			);
			path = Client;
			sourceTree = "<group>";
		};
		39D4066F4EF6B86DB726C874 /* checkouts */ = {
			isa = PBXGroup;
			children = (
				E5A03C0392189F3A5EED6B6A /* KakaoMapsSDK-SPM */,
			);
			path = checkouts;
			sourceTree = "<group>";
		};
		3D356468A7D8C1B60D36712E /* Splash */ = {
			isa = PBXGroup;
			children = (
				3EADA1AE793830B9FD5AAC7E /* SplashFeature.swift */,
				F037FD8C54C434893FA7D708 /* SplashView.swift */,
			);
			path = Splash;
			sourceTree = "<group>";
		};
		4CF9A38A4A6116D3ACE26EE4 /* Moya */ = {
			isa = PBXGroup;
			children = (
				F1D3D9AC40C22685984415F6 /* BaseProvider.swift */,
				A355D3F6D3D3C3FD9939CED4 /* MoyaLoggingPlugin.swift */,
				2496F02834BBD9BBB6F64394 /* NetworkManager.swift */,
			);
			path = Moya;
			sourceTree = "<group>";
		};
		4E4D6E3C07C881C85AD3A010 /* Network */ = {
			isa = PBXGroup;
			children = (
				5BF477C737DC36B4F1C07F98 /* Base */,
				CDDDC0083B5EB9F5965318F0 /* Course */,
				C882673747F78D152DE15BA2 /* Splash */,
			);
			path = Network;
			sourceTree = "<group>";
		};
		5BF477C737DC36B4F1C07F98 /* Base */ = {
			isa = PBXGroup;
			children = (
				80CF513B113F8AAFF7736046 /* BaseAPI.swift */,
				593E2F39643EBAA1685AF931 /* BaseResponse.swift */,
				679E84703B889BF63B6C2E6A /* Server.swift */,
				51269A63CBBDE8A262227519 /* TWError.swift */,
			);
			path = Base;
			sourceTree = "<group>";
		};
		68276A3F8241EB4EA55190D5 /* App */ = {
			isa = PBXGroup;
			children = (
				788D79C3531D177B60E07416 /* Resources */,
				EBD421AEADCA852324FC56F1 /* Sources */,
			);
			path = App;
			sourceTree = "<group>";
		};
		788D79C3531D177B60E07416 /* Resources */ = {
			isa = PBXGroup;
			children = (
				F10FE74B0A1CA2643821C5FA /* Assets.xcassets */,
			);
			path = Resources;
			sourceTree = "<group>";
		};
		7F5C3E9E566477C12B642C68 = {
			isa = PBXGroup;
			children = (
				BD9763EC92FDB0C84CCE2A1C /* Project */,
				05FC6DE61285746CB7B664FD /* Products */,
			);
			sourceTree = "<group>";
		};
		874F571D48EE8414C6B5BFCD /* .build */ = {
			isa = PBXGroup;
			children = (
				39D4066F4EF6B86DB726C874 /* checkouts */,
			);
			path = .build;
			sourceTree = "<group>";
		};
		88DCB8CEA25EC65D9119566A /* InfoPlists */ = {
			isa = PBXGroup;
			children = (
				663A8A49DA1CE13FE2431C21 /* TakeAWalk-Info.plist */,
			);
			path = InfoPlists;
			sourceTree = "<group>";
		};
		8CAD911558C6C70605AFF08B /* Main */ = {
			isa = PBXGroup;
			children = (
				8FD37A09ABE0DD563623E3E8 /* Route.swift */,
			);
			path = Main;
			sourceTree = "<group>";
		};
		900D3FE3C01B0371BF9EFD1E /* Tuist */ = {
			isa = PBXGroup;
			children = (
				874F571D48EE8414C6B5BFCD /* .build */,
			);
			path = Tuist;
			sourceTree = "<group>";
		};
		9474C59F3FE3A0CE09FAC6FF /* Response */ = {
			isa = PBXGroup;
			children = (
				15A29D64A94FCA4A5100CF47 /* CourseRecomRes.swift */,
				DF71634EF3F468F012DE4CA1 /* SplashInitRes.swift */,
			);
			path = Response;
			sourceTree = "<group>";
		};
		A5EFAA1A7B2234AFE5F30C84 /* Data */ = {
			isa = PBXGroup;
			children = (
				191E3A702E7AB81F002EB5AA /* Repository */,
				3651D29C9F76CDF9CE392BC1 /* Client */,
				4CF9A38A4A6116D3ACE26EE4 /* Moya */,
				4E4D6E3C07C881C85AD3A010 /* Network */,
				9474C59F3FE3A0CE09FAC6FF /* Response */,
			);
			path = Data;
			sourceTree = "<group>";
		};
		AB276EA3DF772ACB50541EAE /* Domain */ = {
			isa = PBXGroup;
			children = (
				8CAD911558C6C70605AFF08B /* Main */,
			);
			path = Domain;
			sourceTree = "<group>";
		};
		AF9ACB38CEAC455D7215DBA1 /* Manager */ = {
			isa = PBXGroup;
			children = (
				261C0F23761C89B491462CDA /* LocationManager.swift */,
			);
			path = Manager;
			sourceTree = "<group>";
		};
		BD9763EC92FDB0C84CCE2A1C /* Project */ = {
			isa = PBXGroup;
			children = (
				68276A3F8241EB4EA55190D5 /* App */,
				D975D8C63D4B2C2EE7B0AB73 /* Derived */,
				900D3FE3C01B0371BF9EFD1E /* Tuist */,
			);
			name = Project;
			sourceTree = "<group>";
		};
		BEB3F788BF7E799B71B26D82 /* View */ = {
			isa = PBXGroup;
			children = (
				CAC6D64B07FDA7FA3BE4E77C /* CustomTabbar */,
				DCB252DC1AC955284770E002 /* Main */,
				AF9ACB38CEAC455D7215DBA1 /* Manager */,
				1B8369E90230BF1779DAE3A1 /* Map */,
				1D427CA12E63543618B8521A /* Root */,
				3D356468A7D8C1B60D36712E /* Splash */,
			);
			path = View;
			sourceTree = "<group>";
		};
		C882673747F78D152DE15BA2 /* Splash */ = {
			isa = PBXGroup;
			children = (
				7A3C47FD5BA2F9171848735B /* SplashAPI.swift */,
			);
			path = Splash;
			sourceTree = "<group>";
		};
		CAC6D64B07FDA7FA3BE4E77C /* CustomTabbar */ = {
			isa = PBXGroup;
			children = (
				61E7630D26DF36DFC1FF7FBE /* CustomTabbar.swift */,
				C703D0FDA05DD869D21FE431 /* CustomTabItem.swift */,
				651AA5203E1031E0B958CA58 /* CustomTabView.swift */,
				14C89840313BDF5733225D75 /* TabInfo.swift */,
				00EEFAE8FEF75B6E33A95AD8 /* TabItem.swift */,
			);
			path = CustomTabbar;
			sourceTree = "<group>";
		};
		CDDDC0083B5EB9F5965318F0 /* Course */ = {
			isa = PBXGroup;
			children = (
				DFA077AE7E5F7624CF9019C4 /* CourseAPI.swift */,
			);
			path = Course;
			sourceTree = "<group>";
		};
		D975D8C63D4B2C2EE7B0AB73 /* Derived */ = {
			isa = PBXGroup;
			children = (
				88DCB8CEA25EC65D9119566A /* InfoPlists */,
				DD88656841DF069D9BEF9F16 /* Sources */,
			);
			path = Derived;
			sourceTree = "<group>";
		};
		DCB252DC1AC955284770E002 /* Main */ = {
			isa = PBXGroup;
			children = (
				82385C6B5D0F269319AA64FA /* MainFeature.swift */,
				285A6D1CB1A3BF956E7FDA53 /* MainView.swift */,
			);
			path = Main;
			sourceTree = "<group>";
		};
		DD88656841DF069D9BEF9F16 /* Sources */ = {
			isa = PBXGroup;
			children = (
				0D158F5B5ACD4ED5319ECB90 /* TuistAssets+TakeAWalk.swift */,
				471BEE428865CE507F61D478 /* TuistBundle+TakeAWalk.swift */,
			);
			path = Sources;
			sourceTree = "<group>";
		};
		E5A03C0392189F3A5EED6B6A /* KakaoMapsSDK-SPM */ = {
			isa = PBXGroup;
			children = (
				2BB61BD1C4B38F3CCE90E9D2 /* BinaryFramework */,
			);
			path = "KakaoMapsSDK-SPM";
			sourceTree = "<group>";
		};
		EBD421AEADCA852324FC56F1 /* Sources */ = {
			isa = PBXGroup;
			children = (
				A5EFAA1A7B2234AFE5F30C84 /* Data */,
				AB276EA3DF772ACB50541EAE /* Domain */,
				BEB3F788BF7E799B71B26D82 /* View */,
				277231B54DBCC101874D6D69 /* AppDelegate.swift */,
				8E899A0FB98852F143358154 /* SceneDelegate.swift */,
				E6DF50B923D3CA4E3A3EBB19 /* TakeAWalkApp.swift */,
			);
			path = Sources;
			sourceTree = "<group>";
		};
/* End PBXGroup section */

/* Begin PBXNativeTarget section */
		8621A12BF03A451185282904 /* TakeAWalk */ = {
			isa = PBXNativeTarget;
			buildConfigurationList = E81DC9EE76F949A18AAFC830 /* Build configuration list for PBXNativeTarget "TakeAWalk" */;
			buildPhases = (
				DB7A96B7CAB78028870411F8 /* Sources */,
				9E6B0574812332E540CB89A0 /* Resources */,
				1A3C40679118959E5ED50EB9 /* Frameworks */,
				9696046B6DD62318E1B50C48 /* Embed Frameworks */,
				C5B4F66704C209DBAE30282C /* Dependencies */,
			);
			buildRules = (
			);
			dependencies = (
			);
			fileSystemSynchronizedGroups = (
				191E3A702E7AB81F002EB5AA /* Repository */,
			);
			name = TakeAWalk;
			packageProductDependencies = (
			);
			productName = TakeAWalk;
			productReference = 590A688C1D0327245B0CB300 /* TakeAWalk.app */;
			productType = "com.apple.product-type.application";
		};
/* End PBXNativeTarget section */

/* Begin PBXProject section */
		3D665A31F95A1B809ED90D9F /* Project object */ = {
			isa = PBXProject;
			attributes = {
				BuildIndependentTargetsInParallel = YES;
				ORGANIZATIONNAME = "";
			};
			buildConfigurationList = D6049AF92B24D4522B2D7CE6 /* Build configuration list for PBXProject "TakeAWalk" */;
			compatibilityVersion = "Xcode 14.0";
			developmentRegion = en;
			hasScannedForEncodings = 0;
			knownRegions = (
				Base,
				en,
			);
			mainGroup = 7F5C3E9E566477C12B642C68;
			productRefGroup = 05FC6DE61285746CB7B664FD /* Products */;
			projectDirPath = "";
			projectRoot = "";
			targets = (
				8621A12BF03A451185282904 /* TakeAWalk */,
			);
		};
/* End PBXProject section */

/* Begin PBXResourcesBuildPhase section */
		9E6B0574812332E540CB89A0 /* Resources */ = {
			isa = PBXResourcesBuildPhase;
			buildActionMask = 2147483647;
			files = (
				8A04EFBA03D33833D7D8D8FA /* Assets.xcassets in Resources */,
				190A782CF1398C0C55ECC319 /* KakaoMapsSDK-SPM_KakaoMapsSDK_SPM.bundle in Resources */,
				BD40E49CF360E35035BD127F /* swift-sharing_Sharing.bundle in Resources */,
			);
			runOnlyForDeploymentPostprocessing = 0;
		};
/* End PBXResourcesBuildPhase section */

/* Begin PBXSourcesBuildPhase section */
		DB7A96B7CAB78028870411F8 /* Sources */ = {
			isa = PBXSourcesBuildPhase;
			buildActionMask = 2147483647;
			files = (
				43B85E7FFC3B085A60884F3B /* AppDelegate.swift in Sources */,
				41611B4D2C330F682D0E680C /* AppClient.swift in Sources */,
				A73C9250C32A6FB81A833A30 /* BaseProvider.swift in Sources */,
				708AAB2C6A1725C194577449 /* MoyaLoggingPlugin.swift in Sources */,
				748F39108DA19873730E90A0 /* NetworkManager.swift in Sources */,
				8203800A2618D7080C29BD02 /* BaseAPI.swift in Sources */,
				1E8C878C9409B2403240E43E /* BaseResponse.swift in Sources */,
				83E594DC74DC11F48667D7E5 /* Server.swift in Sources */,
				4CE7FE472ADF44A0602195B4 /* TWError.swift in Sources */,
				7E51D18F5DFF6A39D875A093 /* CourseAPI.swift in Sources */,
				BD6F94354F7080612AFD1BEF /* SplashAPI.swift in Sources */,
				A911B897C728E729CF49D02C /* CourseRecomRes.swift in Sources */,
				6B65622DC7F7BC59B7749564 /* SplashInitRes.swift in Sources */,
				C74F3DFB1C9FD51D5C851446 /* Route.swift in Sources */,
				647A2EB8328F1E2EC2F3C3F1 /* SceneDelegate.swift in Sources */,
				B056BD1A068690EA28FBE4EE /* TakeAWalkApp.swift in Sources */,
				85AD82B25780018860D527A0 /* CustomTabItem.swift in Sources */,
				B3A296AABD545757D2A98809 /* CustomTabView.swift in Sources */,
				5B48B98343A8B50FE88A459C /* CustomTabbar.swift in Sources */,
				0D473D8EE9CF777ABE46F755 /* TabInfo.swift in Sources */,
				4762BF0A4229C99D53B16504 /* TabItem.swift in Sources */,
				7A11F123A155FFDA56C73CCC /* MainFeature.swift in Sources */,
				AF0A2F1846DC88DCD8B68BDA /* MainView.swift in Sources */,
				D5A0DEB07EA11B5179197FD9 /* LocationManager.swift in Sources */,
				A7DF8E424C198CA095DBC422 /* CustomPoiType.swift in Sources */,
				088C8AF9DA936C974623CCAD /* KakaoMapProps.swift in Sources */,
				AB76D7ADECC1EB1137D29798 /* KakaoMapView.swift in Sources */,
				F4071D45719C12169DD355E1 /* RootFeature.swift in Sources */,
				191E3A6F2E78364E002EB5AA /* KakaoMapManager.swift in Sources */,
				98D2566048EC3AFC52D2720C /* RootView.swift in Sources */,
				C2EFBD2E59B61113D328593C /* SplashFeature.swift in Sources */,
				E70E99152AFDA69CE2EA06B0 /* SplashView.swift in Sources */,
				9281E7FA6275A1DA1C665396 /* TuistAssets+TakeAWalk.swift in Sources */,
				405F5D181F8CAC8D79E13A42 /* TuistBundle+TakeAWalk.swift in Sources */,
			);
			runOnlyForDeploymentPostprocessing = 0;
		};
/* End PBXSourcesBuildPhase section */

/* Begin XCBuildConfiguration section */
		50CF32D2AD6CCBBB847248EB /* prod */ = {
			isa = XCBuildConfiguration;
			buildSettings = {
				ASSETCATALOG_COMPILER_APPICON_NAME = AppIcon;
				CODE_SIGN_IDENTITY = "iPhone Developer";
				ENABLE_PREVIEWS = YES;
				FRAMEWORK_SEARCH_PATHS = (
					"$(inherited)",
					"$(SRCROOT)/Tuist/.build/checkouts/KakaoMapsSDK-SPM/BinaryFramework",
				);
				HEADER_SEARCH_PATHS = (
					"$(inherited)",
					"$(SRCROOT)/Tuist/.build/checkouts/swift-navigation/Sources/UIKitNavigationShim/include",
					"$(SRCROOT)/Tuist/.build/checkouts/swift-syntax/Sources/_SwiftSyntaxCShims/include",
				);
				INFOPLIST_FILE = "Derived/InfoPlists/TakeAWalk-Info.plist";
				IPHONEOS_DEPLOYMENT_TARGET = 15.0;
				LD_RUNPATH_SEARCH_PATHS = (
					"$(inherited)",
					"@executable_path/Frameworks",
				);
				OTHER_CFLAGS = (
					"$(inherited)",
					"-fmodule-map-file=$(SRCROOT)/Tuist/.build/checkouts/swift-syntax/Sources/_SwiftSyntaxCShims/include/module.modulemap",
					"-fmodule-map-file=$(SRCROOT)/Tuist/.build/tuist-derived/UIKitNavigationShim/UIKitNavigationShim.modulemap",
				);
				OTHER_SWIFT_FLAGS = "$(inherited) -Xcc -fmodule-map-file=$(SRCROOT)/Tuist/.build/checkouts/swift-syntax/Sources/_SwiftSyntaxCShims/include/module.modulemap -Xcc -fmodule-map-file=$(SRCROOT)/Tuist/.build/tuist-derived/UIKitNavigationShim/UIKitNavigationShim.modulemap -load-plugin-executable $BUILD_DIR/Debug$EFFECTIVE_PLATFORM_NAME/CasePathsMacros#CasePathsMacros -load-plugin-executable $BUILD_DIR/Debug$EFFECTIVE_PLATFORM_NAME/ComposableArchitectureMacros#ComposableArchitectureMacros -load-plugin-executable $BUILD_DIR/Debug$EFFECTIVE_PLATFORM_NAME/DependenciesMacrosPlugin#DependenciesMacrosPlugin -load-plugin-executable $BUILD_DIR/Debug$EFFECTIVE_PLATFORM_NAME/PerceptionMacros#PerceptionMacros";
				PRODUCT_BUNDLE_IDENTIFIER = com.choi.TakeAWalk;
				PRODUCT_NAME = TakeAWalk;
				SDKROOT = iphoneos;
				SUPPORTS_MACCATALYST = NO;
				SUPPORTS_MAC_DESIGNED_FOR_IPHONE_IPAD = NO;
				SUPPORTS_XR_DESIGNED_FOR_IPHONE_IPAD = NO;
				SWIFT_COMPILATION_MODE = wholemodule;
				SWIFT_OPTIMIZATION_LEVEL = "-Owholemodule";
				SWIFT_VERSION = 5.0;
				TARGETED_DEVICE_FAMILY = 1;
			};
			name = prod;
		};
		5BB7A3BE252E6CBA204E8619 /* prod */ = {
			isa = XCBuildConfiguration;
			buildSettings = {
				ALWAYS_SEARCH_USER_PATHS = NO;
				CLANG_ANALYZER_LOCALIZABILITY_NONLOCALIZED = YES;
				CLANG_ANALYZER_NONNULL = YES;
				CLANG_ANALYZER_NUMBER_OBJECT_CONVERSION = YES_AGGRESSIVE;
				CLANG_CXX_LANGUAGE_STANDARD = "gnu++14";
				CLANG_CXX_LIBRARY = "libc++";
				CLANG_ENABLE_MODULES = YES;
				CLANG_ENABLE_OBJC_ARC = YES;
				CLANG_ENABLE_OBJC_WEAK = YES;
				CLANG_WARN_BLOCK_CAPTURE_AUTORELEASING = YES;
				CLANG_WARN_BOOL_CONVERSION = YES;
				CLANG_WARN_COMMA = YES;
				CLANG_WARN_CONSTANT_CONVERSION = YES;
				CLANG_WARN_DEPRECATED_OBJC_IMPLEMENTATIONS = YES;
				CLANG_WARN_DIRECT_OBJC_ISA_USAGE = YES_ERROR;
				CLANG_WARN_DOCUMENTATION_COMMENTS = YES;
				CLANG_WARN_EMPTY_BODY = YES;
				CLANG_WARN_ENUM_CONVERSION = YES;
				CLANG_WARN_INFINITE_RECURSION = YES;
				CLANG_WARN_INT_CONVERSION = YES;
				CLANG_WARN_NON_LITERAL_NULL_CONVERSION = YES;
				CLANG_WARN_OBJC_IMPLICIT_RETAIN_SELF = YES;
				CLANG_WARN_OBJC_LITERAL_CONVERSION = YES;
				CLANG_WARN_OBJC_ROOT_CLASS = YES_ERROR;
				CLANG_WARN_QUOTED_INCLUDE_IN_FRAMEWORK_HEADER = YES;
				CLANG_WARN_RANGE_LOOP_ANALYSIS = YES;
				CLANG_WARN_STRICT_PROTOTYPES = YES;
				CLANG_WARN_SUSPICIOUS_MOVE = YES;
				CLANG_WARN_UNGUARDED_AVAILABILITY = YES_AGGRESSIVE;
				CLANG_WARN_UNREACHABLE_CODE = YES;
				CLANG_WARN__DUPLICATE_METHOD_MATCH = YES;
				COPY_PHASE_STRIP = NO;
				DEAD_CODE_STRIPPING = YES;
				DEBUG_INFORMATION_FORMAT = "dwarf-with-dsym";
				ENABLE_NS_ASSERTIONS = NO;
				ENABLE_STRICT_OBJC_MSGSEND = YES;
				GCC_C_LANGUAGE_STANDARD = gnu11;
				GCC_NO_COMMON_BLOCKS = YES;
				GCC_WARN_64_TO_32_BIT_CONVERSION = YES;
				GCC_WARN_ABOUT_RETURN_TYPE = YES_ERROR;
				GCC_WARN_UNDECLARED_SELECTOR = YES;
				GCC_WARN_UNINITIALIZED_AUTOS = YES_AGGRESSIVE;
				GCC_WARN_UNUSED_FUNCTION = YES;
				GCC_WARN_UNUSED_VARIABLE = YES;
				MTL_ENABLE_DEBUG_INFO = NO;
				PRODUCT_NAME = "$(TARGET_NAME)";
				VALIDATE_PRODUCT = YES;
			};
			name = prod;
		};
		BBC8AB510971A2D6D19A5009 /* dev */ = {
			isa = XCBuildConfiguration;
			buildSettings = {
				ASSETCATALOG_COMPILER_APPICON_NAME = AppIcon;
				CODE_SIGN_IDENTITY = "iPhone Developer";
				ENABLE_PREVIEWS = YES;
				FRAMEWORK_SEARCH_PATHS = (
					"$(inherited)",
					"$(SRCROOT)/Tuist/.build/checkouts/KakaoMapsSDK-SPM/BinaryFramework",
				);
				HEADER_SEARCH_PATHS = (
					"$(inherited)",
					"$(SRCROOT)/Tuist/.build/checkouts/swift-navigation/Sources/UIKitNavigationShim/include",
					"$(SRCROOT)/Tuist/.build/checkouts/swift-syntax/Sources/_SwiftSyntaxCShims/include",
				);
				INFOPLIST_FILE = "Derived/InfoPlists/TakeAWalk-Info.plist";
				IPHONEOS_DEPLOYMENT_TARGET = 15.0;
				LD_RUNPATH_SEARCH_PATHS = (
					"$(inherited)",
					"@executable_path/Frameworks",
				);
				OTHER_CFLAGS = (
					"$(inherited)",
					"-fmodule-map-file=$(SRCROOT)/Tuist/.build/checkouts/swift-syntax/Sources/_SwiftSyntaxCShims/include/module.modulemap",
					"-fmodule-map-file=$(SRCROOT)/Tuist/.build/tuist-derived/UIKitNavigationShim/UIKitNavigationShim.modulemap",
				);
				OTHER_SWIFT_FLAGS = "$(inherited) -Xcc -fmodule-map-file=$(SRCROOT)/Tuist/.build/checkouts/swift-syntax/Sources/_SwiftSyntaxCShims/include/module.modulemap -Xcc -fmodule-map-file=$(SRCROOT)/Tuist/.build/tuist-derived/UIKitNavigationShim/UIKitNavigationShim.modulemap -load-plugin-executable $BUILD_DIR/Debug$EFFECTIVE_PLATFORM_NAME/CasePathsMacros#CasePathsMacros -load-plugin-executable $BUILD_DIR/Debug$EFFECTIVE_PLATFORM_NAME/ComposableArchitectureMacros#ComposableArchitectureMacros -load-plugin-executable $BUILD_DIR/Debug$EFFECTIVE_PLATFORM_NAME/DependenciesMacrosPlugin#DependenciesMacrosPlugin -load-plugin-executable $BUILD_DIR/Debug$EFFECTIVE_PLATFORM_NAME/PerceptionMacros#PerceptionMacros";
				PRODUCT_BUNDLE_IDENTIFIER = com.choi.TakeAWalk;
				PRODUCT_NAME = TakeAWalk;
				SDKROOT = iphoneos;
				SUPPORTS_MACCATALYST = NO;
				SUPPORTS_MAC_DESIGNED_FOR_IPHONE_IPAD = NO;
				SUPPORTS_XR_DESIGNED_FOR_IPHONE_IPAD = NO;
				SWIFT_ACTIVE_COMPILATION_CONDITIONS = "$(inherited) DEBUG";
				SWIFT_COMPILATION_MODE = singlefile;
				SWIFT_OPTIMIZATION_LEVEL = "-Onone";
				SWIFT_VERSION = 5.0;
				TARGETED_DEVICE_FAMILY = 1;
			};
			name = dev;
		};
		F8872595DBEA1B008445DF5C /* dev */ = {
			isa = XCBuildConfiguration;
			buildSettings = {
				ALWAYS_SEARCH_USER_PATHS = NO;
				CLANG_ANALYZER_LOCALIZABILITY_NONLOCALIZED = YES;
				CLANG_ANALYZER_NONNULL = YES;
				CLANG_ANALYZER_NUMBER_OBJECT_CONVERSION = YES_AGGRESSIVE;
				CLANG_CXX_LANGUAGE_STANDARD = "gnu++14";
				CLANG_CXX_LIBRARY = "libc++";
				CLANG_ENABLE_MODULES = YES;
				CLANG_ENABLE_OBJC_ARC = YES;
				CLANG_ENABLE_OBJC_WEAK = YES;
				CLANG_WARN_BLOCK_CAPTURE_AUTORELEASING = YES;
				CLANG_WARN_BOOL_CONVERSION = YES;
				CLANG_WARN_COMMA = YES;
				CLANG_WARN_CONSTANT_CONVERSION = YES;
				CLANG_WARN_DEPRECATED_OBJC_IMPLEMENTATIONS = YES;
				CLANG_WARN_DIRECT_OBJC_ISA_USAGE = YES_ERROR;
				CLANG_WARN_DOCUMENTATION_COMMENTS = YES;
				CLANG_WARN_EMPTY_BODY = YES;
				CLANG_WARN_ENUM_CONVERSION = YES;
				CLANG_WARN_INFINITE_RECURSION = YES;
				CLANG_WARN_INT_CONVERSION = YES;
				CLANG_WARN_NON_LITERAL_NULL_CONVERSION = YES;
				CLANG_WARN_OBJC_IMPLICIT_RETAIN_SELF = YES;
				CLANG_WARN_OBJC_LITERAL_CONVERSION = YES;
				CLANG_WARN_OBJC_ROOT_CLASS = YES_ERROR;
				CLANG_WARN_QUOTED_INCLUDE_IN_FRAMEWORK_HEADER = YES;
				CLANG_WARN_RANGE_LOOP_ANALYSIS = YES;
				CLANG_WARN_STRICT_PROTOTYPES = YES;
				CLANG_WARN_SUSPICIOUS_MOVE = YES;
				CLANG_WARN_UNGUARDED_AVAILABILITY = YES_AGGRESSIVE;
				CLANG_WARN_UNREACHABLE_CODE = YES;
				CLANG_WARN__DUPLICATE_METHOD_MATCH = YES;
				COPY_PHASE_STRIP = NO;
				DEAD_CODE_STRIPPING = YES;
				DEBUG_INFORMATION_FORMAT = dwarf;
				ENABLE_STRICT_OBJC_MSGSEND = YES;
				ENABLE_TESTABILITY = YES;
				GCC_C_LANGUAGE_STANDARD = gnu11;
				GCC_DYNAMIC_NO_PIC = NO;
				GCC_NO_COMMON_BLOCKS = YES;
				GCC_OPTIMIZATION_LEVEL = 0;
				GCC_PREPROCESSOR_DEFINITIONS = (
					"DEBUG=1",
					"$(inherited)",
				);
				GCC_WARN_64_TO_32_BIT_CONVERSION = YES;
				GCC_WARN_ABOUT_RETURN_TYPE = YES_ERROR;
				GCC_WARN_UNDECLARED_SELECTOR = YES;
				GCC_WARN_UNINITIALIZED_AUTOS = YES_AGGRESSIVE;
				GCC_WARN_UNUSED_FUNCTION = YES;
				GCC_WARN_UNUSED_VARIABLE = YES;
				MTL_ENABLE_DEBUG_INFO = YES;
				ONLY_ACTIVE_ARCH = YES;
				PRODUCT_NAME = "$(TARGET_NAME)";
			};
			name = dev;
		};
/* End XCBuildConfiguration section */

/* Begin XCConfigurationList section */
		D6049AF92B24D4522B2D7CE6 /* Build configuration list for PBXProject "TakeAWalk" */ = {
			isa = XCConfigurationList;
			buildConfigurations = (
				F8872595DBEA1B008445DF5C /* dev */,
				5BB7A3BE252E6CBA204E8619 /* prod */,
			);
			defaultConfigurationIsVisible = 0;
			defaultConfigurationName = prod;
		};
		E81DC9EE76F949A18AAFC830 /* Build configuration list for PBXNativeTarget "TakeAWalk" */ = {
			isa = XCConfigurationList;
			buildConfigurations = (
				BBC8AB510971A2D6D19A5009 /* dev */,
				50CF32D2AD6CCBBB847248EB /* prod */,
			);
			defaultConfigurationIsVisible = 0;
			defaultConfigurationName = prod;
		};
/* End XCConfigurationList section */
	};
	rootObject = 3D665A31F95A1B809ED90D9F /* Project object */;
}
